// !$*UTF8*$!
{
	archiveVersion = 1;
	classes = {
	};
	objectVersion = 46;
	objects = {

/* Begin PBXBuildFile section */
		A60D48E5A9E5A8D947535B8B /* Pods_DevslopesSocial.framework in Frameworks */ = {isa = PBXBuildFile; fileRef = B07C1C87C18A8957F71759D0 /* Pods_DevslopesSocial.framework */; };
		A98438F31F69DF57007BE401 /* AppDelegate.swift in Sources */ = {isa = PBXBuildFile; fileRef = A98438F21F69DF57007BE401 /* AppDelegate.swift */; };
		A98438F51F69DF57007BE401 /* SignInVC.swift in Sources */ = {isa = PBXBuildFile; fileRef = A98438F41F69DF57007BE401 /* SignInVC.swift */; };
		A98438F81F69DF57007BE401 /* Main.storyboard in Resources */ = {isa = PBXBuildFile; fileRef = A98438F61F69DF57007BE401 /* Main.storyboard */; };
		A98438FA1F69DF57007BE401 /* Assets.xcassets in Resources */ = {isa = PBXBuildFile; fileRef = A98438F91F69DF57007BE401 /* Assets.xcassets */; };
		A98438FD1F69DF58007BE401 /* LaunchScreen.storyboard in Resources */ = {isa = PBXBuildFile; fileRef = A98438FB1F69DF58007BE401 /* LaunchScreen.storyboard */; };
		A98439051F69DFC1007BE401 /* GoogleService-Info.plist in Resources */ = {isa = PBXBuildFile; fileRef = A98439041F69DFC1007BE401 /* GoogleService-Info.plist */; };
		A984390A1F6B3416007BE401 /* FancyView.swift in Sources */ = {isa = PBXBuildFile; fileRef = A98439091F6B3416007BE401 /* FancyView.swift */; };
		A984390D1F6B349E007BE401 /* Constants.swift in Sources */ = {isa = PBXBuildFile; fileRef = A984390C1F6B349E007BE401 /* Constants.swift */; };
		A984390F1F6B3684007BE401 /* RoundBtn.swift in Sources */ = {isa = PBXBuildFile; fileRef = A984390E1F6B3684007BE401 /* RoundBtn.swift */; };
		A98439111F6B3800007BE401 /* FancyField.swift in Sources */ = {isa = PBXBuildFile; fileRef = A98439101F6B3800007BE401 /* FancyField.swift */; };
		A98439131F6B3931007BE401 /* FancyBtn.swift in Sources */ = {isa = PBXBuildFile; fileRef = A98439121F6B3931007BE401 /* FancyBtn.swift */; };
/* End PBXBuildFile section */

/* Begin PBXFileReference section */
		49AA96B952E2399D97CF9D10 /* Pods-DevslopesSocial.release.xcconfig */ = {isa = PBXFileReference; includeInIndex = 1; lastKnownFileType = text.xcconfig; name = "Pods-DevslopesSocial.release.xcconfig"; path = "Pods/Target Support Files/Pods-DevslopesSocial/Pods-DevslopesSocial.release.xcconfig"; sourceTree = "<group>"; };
		5AC07F5B4FA79EA86C3853A2 /* Pods-DevslopesSocial.debug.xcconfig */ = {isa = PBXFileReference; includeInIndex = 1; lastKnownFileType = text.xcconfig; name = "Pods-DevslopesSocial.debug.xcconfig"; path = "Pods/Target Support Files/Pods-DevslopesSocial/Pods-DevslopesSocial.debug.xcconfig"; sourceTree = "<group>"; };
		A98438EF1F69DF57007BE401 /* DevslopesSocial.app */ = {isa = PBXFileReference; explicitFileType = wrapper.application; includeInIndex = 0; path = DevslopesSocial.app; sourceTree = BUILT_PRODUCTS_DIR; };
		A98438F21F69DF57007BE401 /* AppDelegate.swift */ = {isa = PBXFileReference; lastKnownFileType = sourcecode.swift; path = AppDelegate.swift; sourceTree = "<group>"; };
		A98438F41F69DF57007BE401 /* SignInVC.swift */ = {isa = PBXFileReference; lastKnownFileType = sourcecode.swift; path = SignInVC.swift; sourceTree = "<group>"; };
		A98438F71F69DF57007BE401 /* Base */ = {isa = PBXFileReference; lastKnownFileType = file.storyboard; name = Base; path = Base.lproj/Main.storyboard; sourceTree = "<group>"; };
		A98438F91F69DF57007BE401 /* Assets.xcassets */ = {isa = PBXFileReference; lastKnownFileType = folder.assetcatalog; path = Assets.xcassets; sourceTree = "<group>"; };
		A98438FC1F69DF58007BE401 /* Base */ = {isa = PBXFileReference; lastKnownFileType = file.storyboard; name = Base; path = Base.lproj/LaunchScreen.storyboard; sourceTree = "<group>"; };
		A98438FE1F69DF58007BE401 /* Info.plist */ = {isa = PBXFileReference; lastKnownFileType = text.plist.xml; path = Info.plist; sourceTree = "<group>"; };
		A98439041F69DFC1007BE401 /* GoogleService-Info.plist */ = {isa = PBXFileReference; fileEncoding = 4; lastKnownFileType = text.plist.xml; path = "GoogleService-Info.plist"; sourceTree = "<group>"; };
		A98439091F6B3416007BE401 /* FancyView.swift */ = {isa = PBXFileReference; fileEncoding = 4; lastKnownFileType = sourcecode.swift; path = FancyView.swift; sourceTree = "<group>"; };
		A984390C1F6B349E007BE401 /* Constants.swift */ = {isa = PBXFileReference; fileEncoding = 4; lastKnownFileType = sourcecode.swift; path = Constants.swift; sourceTree = "<group>"; };
		A984390E1F6B3684007BE401 /* RoundBtn.swift */ = {isa = PBXFileReference; fileEncoding = 4; lastKnownFileType = sourcecode.swift; path = RoundBtn.swift; sourceTree = "<group>"; };
		A98439101F6B3800007BE401 /* FancyField.swift */ = {isa = PBXFileReference; fileEncoding = 4; lastKnownFileType = sourcecode.swift; path = FancyField.swift; sourceTree = "<group>"; };
		A98439121F6B3931007BE401 /* FancyBtn.swift */ = {isa = PBXFileReference; fileEncoding = 4; lastKnownFileType = sourcecode.swift; path = FancyBtn.swift; sourceTree = "<group>"; };
		B07C1C87C18A8957F71759D0 /* Pods_DevslopesSocial.framework */ = {isa = PBXFileReference; explicitFileType = wrapper.framework; includeInIndex = 0; path = Pods_DevslopesSocial.framework; sourceTree = BUILT_PRODUCTS_DIR; };
/* End PBXFileReference section */

/* Begin PBXFrameworksBuildPhase section */
		A98438EC1F69DF57007BE401 /* Frameworks */ = {
			isa = PBXFrameworksBuildPhase;
			buildActionMask = 2147483647;
			files = (
				A60D48E5A9E5A8D947535B8B /* Pods_DevslopesSocial.framework in Frameworks */,
			);
			runOnlyForDeploymentPostprocessing = 0;
		};
/* End PBXFrameworksBuildPhase section */

/* Begin PBXGroup section */
		517934A944F95FF42B4B4A2A /* Frameworks */ = {
			isa = PBXGroup;
			children = (
				B07C1C87C18A8957F71759D0 /* Pods_DevslopesSocial.framework */,
			);
			name = Frameworks;
			sourceTree = "<group>";
		};
		A98438E61F69DF57007BE401 = {
			isa = PBXGroup;
			children = (
				A98438F11F69DF57007BE401 /* DevslopesSocial */,
				A98438F01F69DF57007BE401 /* Products */,
				C80867ABFC20499C52A06D8E /* Pods */,
				517934A944F95FF42B4B4A2A /* Frameworks */,
			);
			sourceTree = "<group>";
		};
		A98438F01F69DF57007BE401 /* Products */ = {
			isa = PBXGroup;
			children = (
				A98438EF1F69DF57007BE401 /* DevslopesSocial.app */,
			);
			name = Products;
			sourceTree = "<group>";
		};
		A98438F11F69DF57007BE401 /* DevslopesSocial */ = {
			isa = PBXGroup;
			children = (
				A984390B1F6B348D007BE401 /* Util */,
				A98439061F69E2BB007BE401 /* Model */,
				A98439071F69E2C0007BE401 /* View */,
				A98439081F69E2C4007BE401 /* Controller */,
				A98438F21F69DF57007BE401 /* AppDelegate.swift */,
				A98438F61F69DF57007BE401 /* Main.storyboard */,
				A98438F91F69DF57007BE401 /* Assets.xcassets */,
				A98438FB1F69DF58007BE401 /* LaunchScreen.storyboard */,
				A98438FE1F69DF58007BE401 /* Info.plist */,
				A98439041F69DFC1007BE401 /* GoogleService-Info.plist */,
			);
			path = DevslopesSocial;
			sourceTree = "<group>";
		};
		A98439061F69E2BB007BE401 /* Model */ = {
			isa = PBXGroup;
			children = (
			);
			name = Model;
			sourceTree = "<group>";
		};
		A98439071F69E2C0007BE401 /* View */ = {
			isa = PBXGroup;
			children = (
				A98439091F6B3416007BE401 /* FancyView.swift */,
				A984390E1F6B3684007BE401 /* RoundBtn.swift */,
				A98439101F6B3800007BE401 /* FancyField.swift */,
				A98439121F6B3931007BE401 /* FancyBtn.swift */,
			);
			name = View;
			sourceTree = "<group>";
		};
		A98439081F69E2C4007BE401 /* Controller */ = {
			isa = PBXGroup;
			children = (
				A98438F41F69DF57007BE401 /* SignInVC.swift */,
			);
			name = Controller;
			sourceTree = "<group>";
		};
		A984390B1F6B348D007BE401 /* Util */ = {
			isa = PBXGroup;
			children = (
				A984390C1F6B349E007BE401 /* Constants.swift */,
			);
			name = Util;
			sourceTree = "<group>";
		};
		C80867ABFC20499C52A06D8E /* Pods */ = {
			isa = PBXGroup;
			children = (
				5AC07F5B4FA79EA86C3853A2 /* Pods-DevslopesSocial.debug.xcconfig */,
				49AA96B952E2399D97CF9D10 /* Pods-DevslopesSocial.release.xcconfig */,
			);
			name = Pods;
			sourceTree = "<group>";
		};
/* End PBXGroup section */

/* Begin PBXNativeTarget section */
		A98438EE1F69DF57007BE401 /* DevslopesSocial */ = {
			isa = PBXNativeTarget;
			buildConfigurationList = A98439011F69DF58007BE401 /* Build configuration list for PBXNativeTarget "DevslopesSocial" */;
			buildPhases = (
				1FEDB793F66A34B872A192B1 /* [CP] Check Pods Manifest.lock */,
				A98438EB1F69DF57007BE401 /* Sources */,
				A98438EC1F69DF57007BE401 /* Frameworks */,
				A98438ED1F69DF57007BE401 /* Resources */,
				6349BE60F8D6E0F0D62450F9 /* [CP] Embed Pods Frameworks */,
				103AEC0D1AC632AC8127DC26 /* [CP] Copy Pods Resources */,
			);
			buildRules = (
			);
			dependencies = (
			);
			name = DevslopesSocial;
			productName = DevslopesSocial;
			productReference = A98438EF1F69DF57007BE401 /* DevslopesSocial.app */;
			productType = "com.apple.product-type.application";
		};
/* End PBXNativeTarget section */

/* Begin PBXProject section */
		A98438E71F69DF57007BE401 /* Project object */ = {
			isa = PBXProject;
			attributes = {
				LastSwiftUpdateCheck = 0830;
				LastUpgradeCheck = 0830;
				ORGANIZATIONNAME = UpliftedStudios;
				TargetAttributes = {
					A98438EE1F69DF57007BE401 = {
						CreatedOnToolsVersion = 8.3.3;
						DevelopmentTeam = D6VG4E68KL;
						ProvisioningStyle = Automatic;
					};
				};
			};
			buildConfigurationList = A98438EA1F69DF57007BE401 /* Build configuration list for PBXProject "DevslopesSocial" */;
			compatibilityVersion = "Xcode 3.2";
			developmentRegion = English;
			hasScannedForEncodings = 0;
			knownRegions = (
				en,
				Base,
			);
			mainGroup = A98438E61F69DF57007BE401;
			productRefGroup = A98438F01F69DF57007BE401 /* Products */;
			projectDirPath = "";
			projectRoot = "";
			targets = (
				A98438EE1F69DF57007BE401 /* DevslopesSocial */,
			);
		};
/* End PBXProject section */

/* Begin PBXResourcesBuildPhase section */
		A98438ED1F69DF57007BE401 /* Resources */ = {
			isa = PBXResourcesBuildPhase;
			buildActionMask = 2147483647;
			files = (
				A98439051F69DFC1007BE401 /* GoogleService-Info.plist in Resources */,
				A98438FD1F69DF58007BE401 /* LaunchScreen.storyboard in Resources */,
				A98438FA1F69DF57007BE401 /* Assets.xcassets in Resources */,
				A98438F81F69DF57007BE401 /* Main.storyboard in Resources */,
			);
			runOnlyForDeploymentPostprocessing = 0;
		};
/* End PBXResourcesBuildPhase section */

/* Begin PBXShellScriptBuildPhase section */
		103AEC0D1AC632AC8127DC26 /* [CP] Copy Pods Resources */ = {
			isa = PBXShellScriptBuildPhase;
			buildActionMask = 2147483647;
			files = (
			);
			inputPaths = (
			);
			name = "[CP] Copy Pods Resources";
			outputPaths = (
			);
			runOnlyForDeploymentPostprocessing = 0;
			shellPath = /bin/sh;
			shellScript = "\"${SRCROOT}/Pods/Target Support Files/Pods-DevslopesSocial/Pods-DevslopesSocial-resources.sh\"\n";
			showEnvVarsInLog = 0;
		};
		1FEDB793F66A34B872A192B1 /* [CP] Check Pods Manifest.lock */ = {
			isa = PBXShellScriptBuildPhase;
			buildActionMask = 2147483647;
			files = (
			);
			inputPaths = (
			);
			name = "[CP] Check Pods Manifest.lock";
			outputPaths = (
			);
			runOnlyForDeploymentPostprocessing = 0;
			shellPath = /bin/sh;
			shellScript = "diff \"${PODS_PODFILE_DIR_PATH}/Podfile.lock\" \"${PODS_ROOT}/Manifest.lock\" > /dev/null\nif [ $? != 0 ] ; then\n    # print error to STDERR\n    echo \"error: The sandbox is not in sync with the Podfile.lock. Run 'pod install' or update your CocoaPods installation.\" >&2\n    exit 1\nfi\n";
			showEnvVarsInLog = 0;
		};
		6349BE60F8D6E0F0D62450F9 /* [CP] Embed Pods Frameworks */ = {
			isa = PBXShellScriptBuildPhase;
			buildActionMask = 2147483647;
			files = (
			);
			inputPaths = (
			);
			name = "[CP] Embed Pods Frameworks";
			outputPaths = (
			);
			runOnlyForDeploymentPostprocessing = 0;
			shellPath = /bin/sh;
			shellScript = "\"${SRCROOT}/Pods/Target Support Files/Pods-DevslopesSocial/Pods-DevslopesSocial-frameworks.sh\"\n";
			showEnvVarsInLog = 0;
		};
/* End PBXShellScriptBuildPhase section */

/* Begin PBXSourcesBuildPhase section */
		A98438EB1F69DF57007BE401 /* Sources */ = {
			isa = PBXSourcesBuildPhase;
			buildActionMask = 2147483647;
			files = (
				A98439111F6B3800007BE401 /* FancyField.swift in Sources */,
				A98438F51F69DF57007BE401 /* SignInVC.swift in Sources */,
				A984390F1F6B3684007BE401 /* RoundBtn.swift in Sources */,
				A98438F31F69DF57007BE401 /* AppDelegate.swift in Sources */,
				A984390A1F6B3416007BE401 /* FancyView.swift in Sources */,
				A984390D1F6B349E007BE401 /* Constants.swift in Sources */,
				A98439131F6B3931007BE401 /* FancyBtn.swift in Sources */,
			);
			runOnlyForDeploymentPostprocessing = 0;
		};
/* End PBXSourcesBuildPhase section */

/* Begin PBXVariantGroup section */
		A98438F61F69DF57007BE401 /* Main.storyboard */ = {
			isa = PBXVariantGroup;
			children = (
				A98438F71F69DF57007BE401 /* Base */,
			);
			name = Main.storyboard;
			sourceTree = "<group>";
		};
		A98438FB1F69DF58007BE401 /* LaunchScreen.storyboard */ = {
			isa = PBXVariantGroup;
			children = (
				A98438FC1F69DF58007BE401 /* Base */,
			);
			name = LaunchScreen.storyboard;
			sourceTree = "<group>";
		};
/* End PBXVariantGroup section */

/* Begin XCBuildConfiguration section */
		A98438FF1F69DF58007BE401 /* Debug */ = {
			isa = XCBuildConfiguration;
			buildSettings = {
				ALWAYS_SEARCH_USER_PATHS = NO;
				CLANG_ANALYZER_NONNULL = YES;
				CLANG_ANALYZER_NUMBER_OBJECT_CONVERSION = YES_AGGRESSIVE;
				CLANG_CXX_LANGUAGE_STANDARD = "gnu++0x";
				CLANG_CXX_LIBRARY = "libc++";
				CLANG_ENABLE_MODULES = YES;
				CLANG_ENABLE_OBJC_ARC = YES;
				CLANG_WARN_BOOL_CONVERSION = YES;
				CLANG_WARN_CONSTANT_CONVERSION = YES;
				CLANG_WARN_DIRECT_OBJC_ISA_USAGE = YES_ERROR;
				CLANG_WARN_DOCUMENTATION_COMMENTS = YES;
				CLANG_WARN_EMPTY_BODY = YES;
				CLANG_WARN_ENUM_CONVERSION = YES;
				CLANG_WARN_INFINITE_RECURSION = YES;
				CLANG_WARN_INT_CONVERSION = YES;
				CLANG_WARN_OBJC_ROOT_CLASS = YES_ERROR;
				CLANG_WARN_SUSPICIOUS_MOVE = YES;
				CLANG_WARN_UNREACHABLE_CODE = YES;
				CLANG_WARN__DUPLICATE_METHOD_MATCH = YES;
				"CODE_SIGN_IDENTITY[sdk=iphoneos*]" = "iPhone Developer";
				COPY_PHASE_STRIP = NO;
				DEBUG_INFORMATION_FORMAT = dwarf;
				ENABLE_STRICT_OBJC_MSGSEND = YES;
				ENABLE_TESTABILITY = YES;
				GCC_C_LANGUAGE_STANDARD = gnu99;
				GCC_DYNAMIC_NO_PIC = NO;
				GCC_NO_COMMON_BLOCKS = YES;
				GCC_OPTIMIZATION_LEVEL = 0;
				GCC_PREPROCESSOR_DEFINITIONS = (
					"DEBUG=1",
					"$(inherited)",
				);
				GCC_WARN_64_TO_32_BIT_CONVERSION = YES;
				GCC_WARN_ABOUT_RETURN_TYPE = YES_ERROR;
				GCC_WARN_UNDECLARED_SELECTOR = YES;
				GCC_WARN_UNINITIALIZED_AUTOS = YES_AGGRESSIVE;
				GCC_WARN_UNUSED_FUNCTION = YES;
				GCC_WARN_UNUSED_VARIABLE = YES;
				IPHONEOS_DEPLOYMENT_TARGET = 10.3;
				MTL_ENABLE_DEBUG_INFO = YES;
				ONLY_ACTIVE_ARCH = YES;
				SDKROOT = iphoneos;
				SWIFT_ACTIVE_COMPILATION_CONDITIONS = DEBUG;
				SWIFT_OPTIMIZATION_LEVEL = "-Onone";
				TARGETED_DEVICE_FAMILY = "1,2";
			};
			name = Debug;
		};
		A98439001F69DF58007BE401 /* Release */ = {
			isa = XCBuildConfiguration;
			buildSettings = {
				ALWAYS_SEARCH_USER_PATHS = NO;
				CLANG_ANALYZER_NONNULL = YES;
				CLANG_ANALYZER_NUMBER_OBJECT_CONVERSION = YES_AGGRESSIVE;
				CLANG_CXX_LANGUAGE_STANDARD = "gnu++0x";
				CLANG_CXX_LIBRARY = "libc++";
				CLANG_ENABLE_MODULES = YES;
				CLANG_ENABLE_OBJC_ARC = YES;
				CLANG_WARN_BOOL_CONVERSION = YES;
				CLANG_WARN_CONSTANT_CONVERSION = YES;
				CLANG_WARN_DIRECT_OBJC_ISA_USAGE = YES_ERROR;
				CLANG_WARN_DOCUMENTATION_COMMENTS = YES;
				CLANG_WARN_EMPTY_BODY = YES;
				CLANG_WARN_ENUM_CONVERSION = YES;
				CLANG_WARN_INFINITE_RECURSION = YES;
				CLANG_WARN_INT_CONVERSION = YES;
				CLANG_WARN_OBJC_ROOT_CLASS = YES_ERROR;
				CLANG_WARN_SUSPICIOUS_MOVE = YES;
				CLANG_WARN_UNREACHABLE_CODE = YES;
				CLANG_WARN__DUPLICATE_METHOD_MATCH = YES;
				"CODE_SIGN_IDENTITY[sdk=iphoneos*]" = "iPhone Developer";
				COPY_PHASE_STRIP = NO;
				DEBUG_INFORMATION_FORMAT = "dwarf-with-dsym";
				ENABLE_NS_ASSERTIONS = NO;
				ENABLE_STRICT_OBJC_MSGSEND = YES;
				GCC_C_LANGUAGE_STANDARD = gnu99;
				GCC_NO_COMMON_BLOCKS = YES;
				GCC_WARN_64_TO_32_BIT_CONVERSION = YES;
				GCC_WARN_ABOUT_RETURN_TYPE = YES_ERROR;
				GCC_WARN_UNDECLARED_SELECTOR = YES;
				GCC_WARN_UNINITIALIZED_AUTOS = YES_AGGRESSIVE;
				GCC_WARN_UNUSED_FUNCTION = YES;
				GCC_WARN_UNUSED_VARIABLE = YES;
				IPHONEOS_DEPLOYMENT_TARGET = 10.3;
				MTL_ENABLE_DEBUG_INFO = NO;
				SDKROOT = iphoneos;
				SWIFT_OPTIMIZATION_LEVEL = "-Owholemodule";
				TARGETED_DEVICE_FAMILY = "1,2";
				VALIDATE_PRODUCT = YES;
			};
			name = Release;
		};
		A98439021F69DF58007BE401 /* Debug */ = {
			isa = XCBuildConfiguration;
			baseConfigurationReference = 5AC07F5B4FA79EA86C3853A2 /* Pods-DevslopesSocial.debug.xcconfig */;
			buildSettings = {
				ASSETCATALOG_COMPILER_APPICON_NAME = AppIcon;
				DEVELOPMENT_TEAM = D6VG4E68KL;
				FRAMEWORK_SEARCH_PATHS = (
					"$(inherited)",
					"$(PROJECT_DIR)",
				);
				INFOPLIST_FILE = DevslopesSocial/Info.plist;
				LD_RUNPATH_SEARCH_PATHS = "$(inherited) @executable_path/Frameworks";
				PRODUCT_BUNDLE_IDENTIFIER = com.UpliftedStudios.DevslopesSocial;
				PRODUCT_NAME = "$(TARGET_NAME)";
				SWIFT_VERSION = 3.0;
			};
			name = Debug;
		};
		A98439031F69DF58007BE401 /* Release */ = {
			isa = XCBuildConfiguration;
			baseConfigurationReference = 49AA96B952E2399D97CF9D10 /* Pods-DevslopesSocial.release.xcconfig */;
			buildSettings = {
				ASSETCATALOG_COMPILER_APPICON_NAME = AppIcon;
				DEVELOPMENT_TEAM = D6VG4E68KL;
				FRAMEWORK_SEARCH_PATHS = (
					"$(inherited)",
					"$(PROJECT_DIR)",
				);
				INFOPLIST_FILE = DevslopesSocial/Info.plist;
				LD_RUNPATH_SEARCH_PATHS = "$(inherited) @executable_path/Frameworks";
				PRODUCT_BUNDLE_IDENTIFIER = com.UpliftedStudios.DevslopesSocial;
				PRODUCT_NAME = "$(TARGET_NAME)";
				SWIFT_VERSION = 3.0;
			};
			name = Release;
		};
/* End XCBuildConfiguration section */

/* Begin XCConfigurationList section */
		A98438EA1F69DF57007BE401 /* Build configuration list for PBXProject "DevslopesSocial" */ = {
			isa = XCConfigurationList;
			buildConfigurations = (
				A98438FF1F69DF58007BE401 /* Debug */,
				A98439001F69DF58007BE401 /* Release */,
			);
			defaultConfigurationIsVisible = 0;
			defaultConfigurationName = Release;
		};
		A98439011F69DF58007BE401 /* Build configuration list for PBXNativeTarget "DevslopesSocial" */ = {
			isa = XCConfigurationList;
			buildConfigurations = (
				A98439021F69DF58007BE401 /* Debug */,
				A98439031F69DF58007BE401 /* Release */,
			);
			defaultConfigurationIsVisible = 0;
			defaultConfigurationName = Release;
		};
/* End XCConfigurationList section */
	};
	rootObject = A98438E71F69DF57007BE401 /* Project object */;
}
